
Microsoft Visual Studio Solution File, Format Version 12.00
# Visual Studio 15
VisualStudioVersion = 15.0.27130.2024
MinimumVisualStudioVersion = 10.0.40219.1
Project("{9A19103F-16F7-4668-BE54-9A1E7A4F7556}") = "OAuthManagement", "OAuthManagement\OAuthManagement.csproj", "{DACC92BE-F92D-4C57-905B-369DB2CCE911}"
EndProject
Global
	GlobalSection(SolutionConfigurationPlatforms) = preSolution
		Debug|Any CPU = Debug|Any CPU
		Release|Any CPU = Release|Any CPU
	EndGlobalSection
	GlobalSection(ProjectConfigurationPlatforms) = postSolution
		{DACC92BE-F92D-4C57-905B-369DB2CCE911}.Debug|Any CPU.ActiveCfg = Debug|Any CPU
		{DACC92BE-F92D-4C57-905B-369DB2CCE911}.Debug|Any CPU.Build.0 = Debug|Any CPU
		{DACC92BE-F92D-4C57-905B-369DB2CCE911}.Release|Any CPU.ActiveCfg = Release|Any CPU
		{DACC92BE-F92D-4C57-905B-369DB2CCE911}.Release|Any CPU.Build.0 = Release|Any CPU
	EndGlobalSection
	GlobalSection(SolutionProperties) = preSolution
		HideSolutionNode = FALSE
	EndGlobalSection
	GlobalSection(ExtensibilityGlobals) = postSolution
		SolutionGuid = {D00685BB-D515-4528-8B1F-59BFEE63B10E}
	EndGlobalSection
EndGlobal
